
Microsoft Visual Studio Solution File, Format Version 10.00
# Visual Studio 2008
Project("{FAE04EC0-301F-11D3-BF4B-00C04F79EFBC}") = "Fams", "Fams\Fams.csproj", "{5BB558E1-74B1-4955-9C29-4BB72F4C3973}"
	ProjectSection(ProjectDependencies) = postProject
		{CE910722-6C56-4E4C-BDA8-B0279E204F43} = {CE910722-6C56-4E4C-BDA8-B0279E204F43}
	EndProjectSection
EndProject
Project("{FAE04EC0-301F-11D3-BF4B-00C04F79EFBC}") = "Fams.Web", "Fams.Web\Fams.Web.csproj", "{CE910722-6C56-4E4C-BDA8-B0279E204F43}"
EndProject
Global
	GlobalSection(SolutionConfigurationPlatforms) = preSolution
		Debug|Any CPU = Debug|Any CPU
		Release|Any CPU = Release|Any CPU
	EndGlobalSection
	GlobalSection(ProjectConfigurationPlatforms) = postSolution
		{5BB558E1-74B1-4955-9C29-4BB72F4C3973}.Debug|Any CPU.ActiveCfg = Debug|Any CPU
		{5BB558E1-74B1-4955-9C29-4BB72F4C3973}.Debug|Any CPU.Build.0 = Debug|Any CPU
		{5BB558E1-74B1-4955-9C29-4BB72F4C3973}.Release|Any CPU.ActiveCfg = Release|Any CPU
		{5BB558E1-74B1-4955-9C29-4BB72F4C3973}.Release|Any CPU.Build.0 = Release|Any CPU
		{CE910722-6C56-4E4C-BDA8-B0279E204F43}.Debug|Any CPU.ActiveCfg = Debug|Any CPU
		{CE910722-6C56-4E4C-BDA8-B0279E204F43}.Debug|Any CPU.Build.0 = Debug|Any CPU
		{CE910722-6C56-4E4C-BDA8-B0279E204F43}.Release|Any CPU.ActiveCfg = Release|Any CPU
		{CE910722-6C56-4E4C-BDA8-B0279E204F43}.Release|Any CPU.Build.0 = Release|Any CPU
	EndGlobalSection
	GlobalSection(SolutionProperties) = preSolution
		HideSolutionNode = FALSE
	EndGlobalSection
EndGlobal
